# This file is autogenerated, do not edit; changes may be undone by the next 'dep ensure'.


[[projects]]
  name = "github.com/coreos/go-systemd"
  packages = ["sdjournal"]
  revision = "39ca1b05acc7ad1220e09f133283b8859a8b71ab"
  version = "v17"

[[projects]]
  name = "github.com/coreos/pkg"
  packages = ["dlopen"]
  revision = "97fdf19511ea361ae1c100dd393cc47f8dcfa1e1"
  version = "v4"

[[projects]]
  name = "github.com/taskcluster/json-e"
  packages = [
    ".",
    "interpreter",
    "interpreter/prattparser"
  ]
  revision = "23f8809a024ae8209147307bfae7252e24fb51c4"
  version = "v3.0.0"

[solve-meta]
  analyzer-name = "dep"
  analyzer-version = 1
  inputs-digest = "9cb810b4a4170b1c823c4ff7086aae43dfefb1a5d61032b81933b07fd30800d4"
  solver-name = "gps-cdcl"
  solver-version = 1
