# This file is autogenerated, do not edit; changes may be undone by the next 'dep ensure'.


[[projects]]
  name = "github.com/ghodss/yaml"
  packages = ["."]
  revision = "0ca9ea5df5451ffdf184b4428c902747c2c11cd7"
  version = "v1.0.0"

[[projects]]
  name = "github.com/taskcluster/json-e"
  packages = [
    ".",
    "interpreter",
    "interpreter/prattparser"
  ]
  revision = "23f8809a024ae8209147307bfae7252e24fb51c4"
  version = "v3.0.0"

[[projects]]
  name = "gopkg.in/yaml.v2"
  packages = ["."]
  revision = "5420a8b6744d3b0345ab293f6fcba19c978f1183"
  version = "v2.2.1"

[solve-meta]
  analyzer-name = "dep"
  analyzer-version = 1
  inputs-digest = "335301425eeaf441d1c3c65a5e66edc5251be701b289bc8cbd5152597c1fa74f"
  solver-name = "gps-cdcl"
  solver-version = 1
